// !$*UTF8*$!
{
	archiveVersion = 1;
	classes = {
	};
	objectVersion = 46;
	objects = {

/* Begin PBXBuildFile section */
		8334FC0B19A1FE0C0040B8C0 /* AppDelegate.swift in Sources */ = {isa = PBXBuildFile; fileRef = 8334FC0A19A1FE0C0040B8C0 /* AppDelegate.swift */; };
		8334FC0D19A1FE0C0040B8C0 /* ViewController.swift in Sources */ = {isa = PBXBuildFile; fileRef = 8334FC0C19A1FE0C0040B8C0 /* ViewController.swift */; };
		8334FC1019A1FE0C0040B8C0 /* Main.storyboard in Resources */ = {isa = PBXBuildFile; fileRef = 8334FC0E19A1FE0C0040B8C0 /* Main.storyboard */; };
		8334FC1219A1FE0C0040B8C0 /* Images.xcassets in Resources */ = {isa = PBXBuildFile; fileRef = 8334FC1119A1FE0C0040B8C0 /* Images.xcassets */; };
		8334FC1E19A1FE0C0040B8C0 /* com_iceinto_avoscloudTests.swift in Sources */ = {isa = PBXBuildFile; fileRef = 8334FC1D19A1FE0C0040B8C0 /* com_iceinto_avoscloudTests.swift */; };
		8334FC3119A1FE790040B8C0 /* AVOSCloud.framework in Frameworks */ = {isa = PBXBuildFile; fileRef = 8334FC3019A1FE790040B8C0 /* AVOSCloud.framework */; };
		8334FC3319A1FEC40040B8C0 /* SystemConfiguration.framework in Frameworks */ = {isa = PBXBuildFile; fileRef = 8334FC3219A1FEC40040B8C0 /* SystemConfiguration.framework */; };
		8334FC3519A1FECD0040B8C0 /* MobileCoreServices.framework in Frameworks */ = {isa = PBXBuildFile; fileRef = 8334FC3419A1FECD0040B8C0 /* MobileCoreServices.framework */; };
		8334FC3719A1FED90040B8C0 /* CoreTelephony.framework in Frameworks */ = {isa = PBXBuildFile; fileRef = 8334FC3619A1FED90040B8C0 /* CoreTelephony.framework */; };
		8334FC3919A1FEE10040B8C0 /* CFNetwork.framework in Frameworks */ = {isa = PBXBuildFile; fileRef = 8334FC3819A1FEE10040B8C0 /* CFNetwork.framework */; };
		8334FC3B19A1FEE90040B8C0 /* CoreLocation.framework in Frameworks */ = {isa = PBXBuildFile; fileRef = 8334FC3A19A1FEE90040B8C0 /* CoreLocation.framework */; };
/* End PBXBuildFile section */

/* Begin PBXContainerItemProxy section */
		8334FC1819A1FE0C0040B8C0 /* PBXContainerItemProxy */ = {
			isa = PBXContainerItemProxy;
			containerPortal = 8334FBFD19A1FE0C0040B8C0 /* Project object */;
			proxyType = 1;
			remoteGlobalIDString = 8334FC0419A1FE0C0040B8C0;
			remoteInfo = com.iceinto.avoscloud;
		};
/* End PBXContainerItemProxy section */

/* Begin PBXFileReference section */
		8334FC0519A1FE0C0040B8C0 /* com.iceinto.avoscloud.app */ = {isa = PBXFileReference; explicitFileType = wrapper.application; includeInIndex = 0; path = com.iceinto.avoscloud.app; sourceTree = BUILT_PRODUCTS_DIR; };
		8334FC0919A1FE0C0040B8C0 /* Info.plist */ = {isa = PBXFileReference; lastKnownFileType = text.plist.xml; path = Info.plist; sourceTree = "<group>"; };
		8334FC0A19A1FE0C0040B8C0 /* AppDelegate.swift */ = {isa = PBXFileReference; lastKnownFileType = sourcecode.swift; path = AppDelegate.swift; sourceTree = "<group>"; };
		8334FC0C19A1FE0C0040B8C0 /* ViewController.swift */ = {isa = PBXFileReference; lastKnownFileType = sourcecode.swift; path = ViewController.swift; sourceTree = "<group>"; };
		8334FC0F19A1FE0C0040B8C0 /* Base */ = {isa = PBXFileReference; lastKnownFileType = file.storyboard; name = Base; path = Base.lproj/Main.storyboard; sourceTree = "<group>"; };
		8334FC1119A1FE0C0040B8C0 /* Images.xcassets */ = {isa = PBXFileReference; lastKnownFileType = folder.assetcatalog; path = Images.xcassets; sourceTree = "<group>"; };
		8334FC1719A1FE0C0040B8C0 /* com.iceinto.avoscloudTests.xctest */ = {isa = PBXFileReference; explicitFileType = wrapper.cfbundle; includeInIndex = 0; path = com.iceinto.avoscloudTests.xctest; sourceTree = BUILT_PRODUCTS_DIR; };
		8334FC1C19A1FE0C0040B8C0 /* Info.plist */ = {isa = PBXFileReference; lastKnownFileType = text.plist.xml; path = Info.plist; sourceTree = "<group>"; };
		8334FC1D19A1FE0C0040B8C0 /* com_iceinto_avoscloudTests.swift */ = {isa = PBXFileReference; lastKnownFileType = sourcecode.swift; path = com_iceinto_avoscloudTests.swift; sourceTree = "<group>"; };
		8334FC3019A1FE790040B8C0 /* AVOSCloud.framework */ = {isa = PBXFileReference; lastKnownFileType = wrapper.framework; path = AVOSCloud.framework; sourceTree = "<group>"; };
		8334FC3219A1FEC40040B8C0 /* SystemConfiguration.framework */ = {isa = PBXFileReference; lastKnownFileType = wrapper.framework; name = SystemConfiguration.framework; path = System/Library/Frameworks/SystemConfiguration.framework; sourceTree = SDKROOT; };
		8334FC3419A1FECD0040B8C0 /* MobileCoreServices.framework */ = {isa = PBXFileReference; lastKnownFileType = wrapper.framework; name = MobileCoreServices.framework; path = System/Library/Frameworks/MobileCoreServices.framework; sourceTree = SDKROOT; };
		8334FC3619A1FED90040B8C0 /* CoreTelephony.framework */ = {isa = PBXFileReference; lastKnownFileType = wrapper.framework; name = CoreTelephony.framework; path = System/Library/Frameworks/CoreTelephony.framework; sourceTree = SDKROOT; };
		8334FC3819A1FEE10040B8C0 /* CFNetwork.framework */ = {isa = PBXFileReference; lastKnownFileType = wrapper.framework; name = CFNetwork.framework; path = System/Library/Frameworks/CFNetwork.framework; sourceTree = SDKROOT; };
		8334FC3A19A1FEE90040B8C0 /* CoreLocation.framework */ = {isa = PBXFileReference; lastKnownFileType = wrapper.framework; name = CoreLocation.framework; path = System/Library/Frameworks/CoreLocation.framework; sourceTree = SDKROOT; };
		8334FC3C19A1FFC80040B8C0 /* App-Bridging-Header.h */ = {isa = PBXFileReference; lastKnownFileType = sourcecode.c.h; path = "App-Bridging-Header.h"; sourceTree = "<group>"; };
/* End PBXFileReference section */

/* Begin PBXFrameworksBuildPhase section */
		8334FC0219A1FE0C0040B8C0 /* Frameworks */ = {
			isa = PBXFrameworksBuildPhase;
			buildActionMask = 2147483647;
			files = (
				8334FC3B19A1FEE90040B8C0 /* CoreLocation.framework in Frameworks */,
				8334FC3919A1FEE10040B8C0 /* CFNetwork.framework in Frameworks */,
				8334FC3719A1FED90040B8C0 /* CoreTelephony.framework in Frameworks */,
				8334FC3519A1FECD0040B8C0 /* MobileCoreServices.framework in Frameworks */,
				8334FC3319A1FEC40040B8C0 /* SystemConfiguration.framework in Frameworks */,
				8334FC3119A1FE790040B8C0 /* AVOSCloud.framework in Frameworks */,
			);
			runOnlyForDeploymentPostprocessing = 0;
		};
		8334FC1419A1FE0C0040B8C0 /* Frameworks */ = {
			isa = PBXFrameworksBuildPhase;
			buildActionMask = 2147483647;
			files = (
			);
			runOnlyForDeploymentPostprocessing = 0;
		};
/* End PBXFrameworksBuildPhase section */

/* Begin PBXGroup section */
		8334FBFC19A1FE0C0040B8C0 = {
			isa = PBXGroup;
			children = (
				8334FC3C19A1FFC80040B8C0 /* App-Bridging-Header.h */,
				8334FC3A19A1FEE90040B8C0 /* CoreLocation.framework */,
				8334FC3819A1FEE10040B8C0 /* CFNetwork.framework */,
				8334FC3619A1FED90040B8C0 /* CoreTelephony.framework */,
				8334FC3419A1FECD0040B8C0 /* MobileCoreServices.framework */,
				8334FC3219A1FEC40040B8C0 /* SystemConfiguration.framework */,
				8334FC3019A1FE790040B8C0 /* AVOSCloud.framework */,
				8334FC0719A1FE0C0040B8C0 /* com.iceinto.avoscloud */,
				8334FC1A19A1FE0C0040B8C0 /* com.iceinto.avoscloudTests */,
				8334FC0619A1FE0C0040B8C0 /* Products */,
			);
			sourceTree = "<group>";
		};
		8334FC0619A1FE0C0040B8C0 /* Products */ = {
			isa = PBXGroup;
			children = (
				8334FC0519A1FE0C0040B8C0 /* com.iceinto.avoscloud.app */,
				8334FC1719A1FE0C0040B8C0 /* com.iceinto.avoscloudTests.xctest */,
			);
			name = Products;
			sourceTree = "<group>";
		};
		8334FC0719A1FE0C0040B8C0 /* com.iceinto.avoscloud */ = {
			isa = PBXGroup;
			children = (
				8334FC0A19A1FE0C0040B8C0 /* AppDelegate.swift */,
				8334FC0C19A1FE0C0040B8C0 /* ViewController.swift */,
				8334FC0E19A1FE0C0040B8C0 /* Main.storyboard */,
				8334FC1119A1FE0C0040B8C0 /* Images.xcassets */,
				8334FC0819A1FE0C0040B8C0 /* Supporting Files */,
			);
			path = com.iceinto.avoscloud;
			sourceTree = "<group>";
		};
		8334FC0819A1FE0C0040B8C0 /* Supporting Files */ = {
			isa = PBXGroup;
			children = (
				8334FC0919A1FE0C0040B8C0 /* Info.plist */,
			);
			name = "Supporting Files";
			sourceTree = "<group>";
		};
		8334FC1A19A1FE0C0040B8C0 /* com.iceinto.avoscloudTests */ = {
			isa = PBXGroup;
			children = (
				8334FC1D19A1FE0C0040B8C0 /* com_iceinto_avoscloudTests.swift */,
				8334FC1B19A1FE0C0040B8C0 /* Supporting Files */,
			);
			path = com.iceinto.avoscloudTests;
			sourceTree = "<group>";
		};
		8334FC1B19A1FE0C0040B8C0 /* Supporting Files */ = {
			isa = PBXGroup;
			children = (
				8334FC1C19A1FE0C0040B8C0 /* Info.plist */,
			);
			name = "Supporting Files";
			sourceTree = "<group>";
		};
/* End PBXGroup section */

/* Begin PBXNativeTarget section */
		8334FC0419A1FE0C0040B8C0 /* com.iceinto.avoscloud */ = {
			isa = PBXNativeTarget;
			buildConfigurationList = 8334FC2119A1FE0C0040B8C0 /* Build configuration list for PBXNativeTarget "com.iceinto.avoscloud" */;
			buildPhases = (
				8334FC0119A1FE0C0040B8C0 /* Sources */,
				8334FC0219A1FE0C0040B8C0 /* Frameworks */,
				8334FC0319A1FE0C0040B8C0 /* Resources */,
			);
			buildRules = (
			);
			dependencies = (
			);
			name = com.iceinto.avoscloud;
			productName = com.iceinto.avoscloud;
			productReference = 8334FC0519A1FE0C0040B8C0 /* com.iceinto.avoscloud.app */;
			productType = "com.apple.product-type.application";
		};
		8334FC1619A1FE0C0040B8C0 /* com.iceinto.avoscloudTests */ = {
			isa = PBXNativeTarget;
			buildConfigurationList = 8334FC2419A1FE0C0040B8C0 /* Build configuration list for PBXNativeTarget "com.iceinto.avoscloudTests" */;
			buildPhases = (
				8334FC1319A1FE0C0040B8C0 /* Sources */,
				8334FC1419A1FE0C0040B8C0 /* Frameworks */,
				8334FC1519A1FE0C0040B8C0 /* Resources */,
			);
			buildRules = (
			);
			dependencies = (
				8334FC1919A1FE0C0040B8C0 /* PBXTargetDependency */,
			);
			name = com.iceinto.avoscloudTests;
			productName = com.iceinto.avoscloudTests;
			productReference = 8334FC1719A1FE0C0040B8C0 /* com.iceinto.avoscloudTests.xctest */;
			productType = "com.apple.product-type.bundle.unit-test";
		};
/* End PBXNativeTarget section */

/* Begin PBXProject section */
		8334FBFD19A1FE0C0040B8C0 /* Project object */ = {
			isa = PBXProject;
			attributes = {
				LastUpgradeCheck = 0600;
				ORGANIZATIONNAME = com.iceinto.avoscloud;
				TargetAttributes = {
					8334FC0419A1FE0C0040B8C0 = {
						CreatedOnToolsVersion = 6.0;
					};
					8334FC1619A1FE0C0040B8C0 = {
						CreatedOnToolsVersion = 6.0;
						TestTargetID = 8334FC0419A1FE0C0040B8C0;
					};
				};
			};
			buildConfigurationList = 8334FC0019A1FE0C0040B8C0 /* Build configuration list for PBXProject "com.iceinto.avoscloud" */;
			compatibilityVersion = "Xcode 3.2";
			developmentRegion = English;
			hasScannedForEncodings = 0;
			knownRegions = (
				en,
				Base,
			);
			mainGroup = 8334FBFC19A1FE0C0040B8C0;
			productRefGroup = 8334FC0619A1FE0C0040B8C0 /* Products */;
			projectDirPath = "";
			projectRoot = "";
			targets = (
				8334FC0419A1FE0C0040B8C0 /* com.iceinto.avoscloud */,
				8334FC1619A1FE0C0040B8C0 /* com.iceinto.avoscloudTests */,
			);
		};
/* End PBXProject section */

/* Begin PBXResourcesBuildPhase section */
		8334FC0319A1FE0C0040B8C0 /* Resources */ = {
			isa = PBXResourcesBuildPhase;
			buildActionMask = 2147483647;
			files = (
				8334FC1019A1FE0C0040B8C0 /* Main.storyboard in Resources */,
				8334FC1219A1FE0C0040B8C0 /* Images.xcassets in Resources */,
			);
			runOnlyForDeploymentPostprocessing = 0;
		};
		8334FC1519A1FE0C0040B8C0 /* Resources */ = {
			isa = PBXResourcesBuildPhase;
			buildActionMask = 2147483647;
			files = (
			);
			runOnlyForDeploymentPostprocessing = 0;
		};
/* End PBXResourcesBuildPhase section */

/* Begin PBXSourcesBuildPhase section */
		8334FC0119A1FE0C0040B8C0 /* Sources */ = {
			isa = PBXSourcesBuildPhase;
			buildActionMask = 2147483647;
			files = (
				8334FC0D19A1FE0C0040B8C0 /* ViewController.swift in Sources */,
				8334FC0B19A1FE0C0040B8C0 /* AppDelegate.swift in Sources */,
			);
			runOnlyForDeploymentPostprocessing = 0;
		};
		8334FC1319A1FE0C0040B8C0 /* Sources */ = {
			isa = PBXSourcesBuildPhase;
			buildActionMask = 2147483647;
			files = (
				8334FC1E19A1FE0C0040B8C0 /* com_iceinto_avoscloudTests.swift in Sources */,
			);
			runOnlyForDeploymentPostprocessing = 0;
		};
/* End PBXSourcesBuildPhase section */

/* Begin PBXTargetDependency section */
		8334FC1919A1FE0C0040B8C0 /* PBXTargetDependency */ = {
			isa = PBXTargetDependency;
			target = 8334FC0419A1FE0C0040B8C0 /* com.iceinto.avoscloud */;
			targetProxy = 8334FC1819A1FE0C0040B8C0 /* PBXContainerItemProxy */;
		};
/* End PBXTargetDependency section */

/* Begin PBXVariantGroup section */
		8334FC0E19A1FE0C0040B8C0 /* Main.storyboard */ = {
			isa = PBXVariantGroup;
			children = (
				8334FC0F19A1FE0C0040B8C0 /* Base */,
			);
			name = Main.storyboard;
			sourceTree = "<group>";
		};
/* End PBXVariantGroup section */

/* Begin XCBuildConfiguration section */
		8334FC1F19A1FE0C0040B8C0 /* Debug */ = {
			isa = XCBuildConfiguration;
			buildSettings = {
				ALWAYS_SEARCH_USER_PATHS = NO;
				CLANG_CXX_LANGUAGE_STANDARD = "gnu++0x";
				CLANG_CXX_LIBRARY = "libc++";
				CLANG_ENABLE_MODULES = YES;
				CLANG_ENABLE_OBJC_ARC = YES;
				CLANG_WARN_BOOL_CONVERSION = YES;
				CLANG_WARN_CONSTANT_CONVERSION = YES;
				CLANG_WARN_DIRECT_OBJC_ISA_USAGE = YES_ERROR;
				CLANG_WARN_EMPTY_BODY = YES;
				CLANG_WARN_ENUM_CONVERSION = YES;
				CLANG_WARN_INT_CONVERSION = YES;
				CLANG_WARN_OBJC_ROOT_CLASS = YES_ERROR;
				CLANG_WARN_UNREACHABLE_CODE = YES;
				CLANG_WARN__DUPLICATE_METHOD_MATCH = YES;
				"CODE_SIGN_IDENTITY[sdk=iphoneos*]" = "iPhone Developer";
				COPY_PHASE_STRIP = NO;
				ENABLE_STRICT_OBJC_MSGSEND = YES;
				GCC_C_LANGUAGE_STANDARD = gnu99;
				GCC_DYNAMIC_NO_PIC = NO;
				GCC_OPTIMIZATION_LEVEL = 0;
				GCC_PREPROCESSOR_DEFINITIONS = (
					"DEBUG=1",
					"$(inherited)",
				);
				GCC_SYMBOLS_PRIVATE_EXTERN = NO;
				GCC_WARN_64_TO_32_BIT_CONVERSION = YES;
				GCC_WARN_ABOUT_RETURN_TYPE = YES_ERROR;
				GCC_WARN_UNDECLARED_SELECTOR = YES;
				GCC_WARN_UNINITIALIZED_AUTOS = YES_AGGRESSIVE;
				GCC_WARN_UNUSED_FUNCTION = YES;
				GCC_WARN_UNUSED_VARIABLE = YES;
				IPHONEOS_DEPLOYMENT_TARGET = 8.0;
				MTL_ENABLE_DEBUG_INFO = YES;
				ONLY_ACTIVE_ARCH = YES;
				SDKROOT = iphoneos;
				SWIFT_OPTIMIZATION_LEVEL = "-Onone";
			};
			name = Debug;
		};
		8334FC2019A1FE0C0040B8C0 /* Release */ = {
			isa = XCBuildConfiguration;
			buildSettings = {
				ALWAYS_SEARCH_USER_PATHS = NO;
				CLANG_CXX_LANGUAGE_STANDARD = "gnu++0x";
				CLANG_CXX_LIBRARY = "libc++";
				CLANG_ENABLE_MODULES = YES;
				CLANG_ENABLE_OBJC_ARC = YES;
				CLANG_WARN_BOOL_CONVERSION = YES;
				CLANG_WARN_CONSTANT_CONVERSION = YES;
				CLANG_WARN_DIRECT_OBJC_ISA_USAGE = YES_ERROR;
				CLANG_WARN_EMPTY_BODY = YES;
				CLANG_WARN_ENUM_CONVERSION = YES;
				CLANG_WARN_INT_CONVERSION = YES;
				CLANG_WARN_OBJC_ROOT_CLASS = YES_ERROR;
				CLANG_WARN_UNREACHABLE_CODE = YES;
				CLANG_WARN__DUPLICATE_METHOD_MATCH = YES;
				"CODE_SIGN_IDENTITY[sdk=iphoneos*]" = "iPhone Developer";
				COPY_PHASE_STRIP = YES;
				ENABLE_NS_ASSERTIONS = NO;
				ENABLE_STRICT_OBJC_MSGSEND = YES;
				GCC_C_LANGUAGE_STANDARD = gnu99;
				GCC_WARN_64_TO_32_BIT_CONVERSION = YES;
				GCC_WARN_ABOUT_RETURN_TYPE = YES_ERROR;
				GCC_WARN_UNDECLARED_SELECTOR = YES;
				GCC_WARN_UNINITIALIZED_AUTOS = YES_AGGRESSIVE;
				GCC_WARN_UNUSED_FUNCTION = YES;
				GCC_WARN_UNUSED_VARIABLE = YES;
				IPHONEOS_DEPLOYMENT_TARGET = 8.0;
				MTL_ENABLE_DEBUG_INFO = NO;
				SDKROOT = iphoneos;
				VALIDATE_PRODUCT = YES;
			};
			name = Release;
		};
		8334FC2219A1FE0C0040B8C0 /* Debug */ = {
			isa = XCBuildConfiguration;
			buildSettings = {
				ASSETCATALOG_COMPILER_APPICON_NAME = AppIcon;
				ASSETCATALOG_COMPILER_LAUNCHIMAGE_NAME = LaunchImage;
				FRAMEWORK_SEARCH_PATHS = (
					"$(inherited)",
					"$(PROJECT_DIR)",
				);
				INFOPLIST_FILE = com.iceinto.avoscloud/Info.plist;
				LD_RUNPATH_SEARCH_PATHS = "$(inherited) @executable_path/Frameworks";
				New_Setting = "";
				PRODUCT_NAME = "$(TARGET_NAME)";
				SWIFT_OBJC_BRIDGING_HEADER = "App-Bridging-Header.h";
			};
			name = Debug;
		};
		8334FC2319A1FE0C0040B8C0 /* Release */ = {
			isa = XCBuildConfiguration;
			buildSettings = {
				ASSETCATALOG_COMPILER_APPICON_NAME = AppIcon;
				ASSETCATALOG_COMPILER_LAUNCHIMAGE_NAME = LaunchImage;
				FRAMEWORK_SEARCH_PATHS = (
					"$(inherited)",
					"$(PROJECT_DIR)",
				);
				INFOPLIST_FILE = com.iceinto.avoscloud/Info.plist;
				LD_RUNPATH_SEARCH_PATHS = "$(inherited) @executable_path/Frameworks";
				New_Setting = "";
				PRODUCT_NAME = "$(TARGET_NAME)";
				SWIFT_OBJC_BRIDGING_HEADER = "App-Bridging-Header.h";
			};
			name = Release;
		};
		8334FC2519A1FE0C0040B8C0 /* Debug */ = {
			isa = XCBuildConfiguration;
			buildSettings = {
				BUNDLE_LOADER = "$(BUILT_PRODUCTS_DIR)/com.iceinto.avoscloud.app/com.iceinto.avoscloud";
				FRAMEWORK_SEARCH_PATHS = (
					"$(SDKROOT)/Developer/Library/Frameworks",
					"$(inherited)",
				);
				GCC_PREPROCESSOR_DEFINITIONS = (
					"DEBUG=1",
					"$(inherited)",
				);
				INFOPLIST_FILE = com.iceinto.avoscloudTests/Info.plist;
				LD_RUNPATH_SEARCH_PATHS = "$(inherited) @executable_path/Frameworks @loader_path/Frameworks";
				PRODUCT_NAME = "$(TARGET_NAME)";
				TEST_HOST = "$(BUNDLE_LOADER)";
			};
			name = Debug;
		};
		8334FC2619A1FE0C0040B8C0 /* Release */ = {
			isa = XCBuildConfiguration;
			buildSettings = {
				BUNDLE_LOADER = "$(BUILT_PRODUCTS_DIR)/com.iceinto.avoscloud.app/com.iceinto.avoscloud";
				FRAMEWORK_SEARCH_PATHS = (
					"$(SDKROOT)/Developer/Library/Frameworks",
					"$(inherited)",
				);
				INFOPLIST_FILE = com.iceinto.avoscloudTests/Info.plist;
				LD_RUNPATH_SEARCH_PATHS = "$(inherited) @executable_path/Frameworks @loader_path/Frameworks";
				PRODUCT_NAME = "$(TARGET_NAME)";
				TEST_HOST = "$(BUNDLE_LOADER)";
			};
			name = Release;
		};
/* End XCBuildConfiguration section */

/* Begin XCConfigurationList section */
		8334FC0019A1FE0C0040B8C0 /* Build configuration list for PBXProject "com.iceinto.avoscloud" */ = {
			isa = XCConfigurationList;
			buildConfigurations = (
				8334FC1F19A1FE0C0040B8C0 /* Debug */,
				8334FC2019A1FE0C0040B8C0 /* Release */,
			);
			defaultConfigurationIsVisible = 0;
			defaultConfigurationName = Release;
		};
		8334FC2119A1FE0C0040B8C0 /* Build configuration list for PBXNativeTarget "com.iceinto.avoscloud" */ = {
			isa = XCConfigurationList;
			buildConfigurations = (
				8334FC2219A1FE0C0040B8C0 /* Debug */,
				8334FC2319A1FE0C0040B8C0 /* Release */,
			);
			defaultConfigurationIsVisible = 0;
			defaultConfigurationName = Release;
		};
		8334FC2419A1FE0C0040B8C0 /* Build configuration list for PBXNativeTarget "com.iceinto.avoscloudTests" */ = {
			isa = XCConfigurationList;
			buildConfigurations = (
				8334FC2519A1FE0C0040B8C0 /* Debug */,
				8334FC2619A1FE0C0040B8C0 /* Release */,
			);
			defaultConfigurationIsVisible = 0;
			defaultConfigurationName = Release;
		};
/* End XCConfigurationList section */
	};
	rootObject = 8334FBFD19A1FE0C0040B8C0 /* Project object */;
}
